{
  "version": 4,
  "terraform_version": "0.15.0",
  "serial": 11,
  "lineage": "30b2b146-98f3-05f8-7b79-54bc9b96e588",
  "outputs": {
    "private-key": {
      "value": "-----BEGIN RSA PRIVATE KEY-----\nMIIEowIBAAKCAQEAqJtHyU/LO4L8tIx9yg1IX+NSkWCLezuT9HMcVlOHKpvjNrCw\nRpt82nROp9o8j3dPGUJSi6Nct+tbLtUH7NpyDFWMwxSHQYHvVclxNRDuuRaJq70O\n0sGX2csmhru1+4oYnRYFf7WvdbYxJ/hGjE2ds7aE9uq4/7CgkCGW7f3Cc3XnuCv1\nJKnbgK2uAzJ6CPzt/UMh2baCRlWTrb8PSKXPVyFUEyjvXfnns1wtWVgQ6lgVTfFo\nw6mQ+Cxwsl1NNEpbU2CvRaj6vhLjVFHvPsOMDi64dtkfJjiwDjqnpSNffnUYqWVs\nw96+317yl8ggXtYrxu1Ro8ic4Vbar+ycqZ6gnwIDAQABAoIBADFBE2p6tesPq9Tu\nibyhvrfMR42Sf4yjbehmTCvnwL+wxGJwoT4vI/0JJwUf2rsqZmABoO2L7oUH6x42\nO1d0xQZXY4SFlbGMTKdp7nlLFgHZ1KPn2dG1ni+QihOn+FSgFeqlyTtyjuw7Kgb8\nH1fTQLOEKTmcfiirp2wTc+zYSZrCqFfNNVxXupd8ETD8PDV3H3DfYSjrn7uxlV33\nghR4tfSuvrwuqita2A11M7nkdhS5mKMbSNMCfZSc/JYeEbWdYjaEQ0yD1NdVHCW5\nwZaRKgfW8s/WsZpyN9VIyWOTkPQEbOAfSe1a/5uX5EcH6A1aYiGAXFLCCOALtUZh\nmpcgI3ECgYEAyO92XRsYuAtFZjlQiDOSHzRejFfiLuG4BETtEm1VXoCq+nTW2Xnm\np/43GuzR0umWIwDhO16vOXHvbBdSWwOvD9QjLRLDmmOkV045zB+Zwhb4cq5uqafe\n9rAneGTCBgRRl54al3hqCtfoIkO0EWTddmpbjjS5fL4f31VZKzK+eqkCgYEA1s/N\nZKtnFekJVS+wRDT62SlDw00N73ZorK+cg5AWk3Ofh3UXLcJPxt0z7ObfUwwkJJiB\nzAuEdogkldjTBzbdAWSLSzshlYeyCmNSmAMjvKks51rvfMrnzrBDGXpERcJvH0Ns\nm/mtCdclTVBs6XPBK2hv1BtOx4k4HTkU5Pjg1gcCgYA3qbaFZls7qMup3NjFUlv5\nTv2eLT5YNGlQrXNrNmR+0HAM/88A4fcWtKK5T790iQbxXW4Hj1xFMp3buL40vlmB\nrgesldUf8Nh24xG5zUs/7DMZOd8oGnv2pKfafzcMiae8s6y0J0RhCpyg2VaJtwJu\nqloAk/SKbPTRXohcIiuIOQKBgQCfq7LWY3mqlZ+0TFBPQro69StDXmE/X9qKkbZb\nLJ07WTR5cZWbE9ZM0VupeisCBgJPmXTRgLYjjSr0n0itEiDQyjWn4/ogtc6nXhCk\noaDMuUuBZNyi/Ae2YNpfc7yPxejnaiyu+7WdnOhDQcbS+JHbfDOzi+DQ/LRTNHzN\nfhlRvQKBgGE2tT4EaF2U+hWp6144kUg1n7IYLcqBJYbiV6wgYuj5uLqJV+TerS9G\nmuCntO8tMr5ZUmvypTPu46p8B5zEUnC3aVy/NvaLBQVgf58kjC09PAq0Zt4VU3WN\nRCQ7dN0wmCsyWw9zFYI+ZRghvZqHcEYqaXdRCCu/TI0bnb9BM3Tu\n-----END RSA PRIVATE KEY-----\n",
      "type": "string",
      "sensitive": true
    },
    "public-key-openssh": {
      "value": "ssh-rsa AAAAB3NzaC1yc2EAAAADAQABAAABAQCom0fJT8s7gvy0jH3KDUhf41KRYIt7O5P0cxxWU4cqm+M2sLBGm3zadE6n2jyPd08ZQlKLo1y361su1Qfs2nIMVYzDFIdBge9VyXE1EO65FomrvQ7SwZfZyyaGu7X7ihidFgV/ta91tjEn+EaMTZ2ztoT26rj/sKCQIZbt/cJzdee4K/UkqduAra4DMnoI/O39QyHZtoJGVZOtvw9Ipc9XIVQTKO9d+eezXC1ZWBDqWBVN8WjDqZD4LHCyXU00SltTYK9FqPq+EuNUUe8+w4wOLrh22R8mOLAOOqelI19+dRipZWzD3r7fXvKXyCBe1ivG7VGjyJzhVtqv7JypnqCf\n",
      "type": "string"
    },
    "web-0": {
      "value": "3.93.187.246",
      "type": "string"
    },
    "web-1": {
      "value": "18.232.176.13",
      "type": "string"
    },
    "web-2": {
      "value": "54.227.3.137",
      "type": "string"
    }
  },
  "resources": [
    {
      "mode": "data",
      "type": "aws_ami",
      "name": "ubuntu",
      "provider": "provider[\"registry.terraform.io/hashicorp/aws\"]",
      "instances": [
        {
          "schema_version": 0,
          "attributes": {
            "architecture": "x86_64",
            "arn": "arn:aws:ec2:us-east-1::image/ami-03a80f322a6053f85",
            "block_device_mappings": [
              {
                "device_name": "/dev/sda1",
                "ebs": {
                  "delete_on_termination": "true",
                  "encrypted": "false",
                  "iops": "0",
                  "snapshot_id": "snap-06e88d78b636b5fbc",
                  "throughput": "0",
                  "volume_size": "8",
                  "volume_type": "gp2"
                },
                "no_device": "",
                "virtual_name": ""
              },
              {
                "device_name": "/dev/sdb",
                "ebs": {},
                "no_device": "",
                "virtual_name": "ephemeral0"
              },
              {
                "device_name": "/dev/sdc",
                "ebs": {},
                "no_device": "",
                "virtual_name": "ephemeral1"
              }
            ],
            "creation_date": "2021-09-08T01:41:24.000Z",
            "description": "Canonical, Ubuntu, 20.04 LTS, amd64 focal image build on 2021-09-07",
            "ena_support": true,
            "executable_users": null,
            "filter": [
              {
                "name": "name",
                "values": [
                  "ubuntu/images/hvm-ssd/ubuntu-focal-20.04-amd64-server-*"
                ]
              },
              {
                "name": "virtualization-type",
                "values": [
                  "hvm"
                ]
              }
            ],
            "hypervisor": "xen",
            "id": "ami-03a80f322a6053f85",
            "image_id": "ami-03a80f322a6053f85",
            "image_location": "099720109477/ubuntu/images/hvm-ssd/ubuntu-focal-20.04-amd64-server-20210907",
            "image_owner_alias": null,
            "image_type": "machine",
            "kernel_id": null,
            "most_recent": true,
            "name": "ubuntu/images/hvm-ssd/ubuntu-focal-20.04-amd64-server-20210907",
            "name_regex": null,
            "owner_id": "099720109477",
            "owners": [
              "099720109477"
            ],
            "platform": null,
            "platform_details": "Linux/UNIX",
            "product_codes": [],
            "public": true,
            "ramdisk_id": null,
            "root_device_name": "/dev/sda1",
            "root_device_type": "ebs",
            "root_snapshot_id": "snap-06e88d78b636b5fbc",
            "sriov_net_support": "simple",
            "state": "available",
            "state_reason": {
              "code": "UNSET",
              "message": "UNSET"
            },
            "tags": {},
            "usage_operation": "RunInstances",
            "virtualization_type": "hvm"
          },
          "sensitive_attributes": []
        }
      ]
    },
    {
      "mode": "managed",
      "type": "aws_instance",
      "name": "web",
      "provider": "provider[\"registry.terraform.io/hashicorp/aws\"]",
      "instances": [
        {
          "index_key": 0,
          "schema_version": 1,
          "attributes": {
            "ami": "ami-03a80f322a6053f85",
            "arn": "arn:aws:ec2:us-east-1:546273237752:instance/i-00a11223bd922c2ea",
            "associate_public_ip_address": true,
            "availability_zone": "us-east-1d",
            "capacity_reservation_specification": [
              {
                "capacity_reservation_preference": "open",
                "capacity_reservation_target": []
              }
            ],
            "cpu_core_count": 1,
            "cpu_threads_per_core": 1,
            "credit_specification": [
              {
                "cpu_credits": "standard"
              }
            ],
            "disable_api_termination": false,
            "ebs_block_device": [],
            "ebs_optimized": false,
            "enclave_options": [
              {
                "enabled": false
              }
            ],
            "ephemeral_block_device": [],
            "get_password_data": false,
            "hibernation": false,
            "host_id": null,
            "iam_instance_profile": "",
            "id": "i-00a11223bd922c2ea",
            "instance_initiated_shutdown_behavior": "stop",
            "instance_state": "running",
            "instance_type": "t2.micro",
            "ipv6_address_count": 0,
            "ipv6_addresses": [],
            "key_name": "deployer-key",
            "launch_template": [],
            "metadata_options": [
              {
                "http_endpoint": "enabled",
                "http_put_response_hop_limit": 1,
                "http_tokens": "optional"
              }
            ],
            "monitoring": false,
            "network_interface": [],
            "outpost_arn": "",
            "password_data": "",
            "placement_group": "",
            "primary_network_interface_id": "eni-003c8394631d44586",
            "private_dns": "ip-172-31-19-201.ec2.internal",
            "private_ip": "172.31.19.201",
            "public_dns": "ec2-3-93-187-246.compute-1.amazonaws.com",
            "public_ip": "3.93.187.246",
            "root_block_device": [
              {
                "delete_on_termination": true,
                "device_name": "/dev/sda1",
                "encrypted": false,
                "iops": 100,
                "kms_key_id": "",
                "tags": {},
                "throughput": 0,
                "volume_id": "vol-0253c9e0f3099d5e1",
                "volume_size": 8,
                "volume_type": "gp2"
              }
            ],
            "secondary_private_ips": [],
            "security_groups": [
              "Hello-World-SG"
            ],
            "source_dest_check": true,
            "subnet_id": "subnet-088a98435dfb0856f",
            "tags": {
              "Name": "Web0"
            },
            "tags_all": {
              "Name": "Web0"
            },
            "tenancy": "default",
            "timeouts": null,
            "user_data": null,
            "user_data_base64": null,
            "volume_tags": null,
            "vpc_security_group_ids": [
              "sg-070e22e0cd11e5e11"
            ]
          },
          "sensitive_attributes": [],
          "private": "eyJlMmJmYjczMC1lY2FhLTExZTYtOGY4OC0zNDM2M2JjN2M0YzAiOnsiY3JlYXRlIjo2MDAwMDAwMDAwMDAsImRlbGV0ZSI6MTIwMDAwMDAwMDAwMCwidXBkYXRlIjo2MDAwMDAwMDAwMDB9LCJzY2hlbWFfdmVyc2lvbiI6IjEifQ==",
          "dependencies": [
            "aws_key_pair.deployer",
            "data.aws_ami.ubuntu",
            "tls_private_key.private-key"
          ]
        },
        {
          "index_key": 1,
          "schema_version": 1,
          "attributes": {
            "ami": "ami-03a80f322a6053f85",
            "arn": "arn:aws:ec2:us-east-1:546273237752:instance/i-0ec80c8ec2c5bea74",
            "associate_public_ip_address": true,
            "availability_zone": "us-east-1d",
            "capacity_reservation_specification": [
              {
                "capacity_reservation_preference": "open",
                "capacity_reservation_target": []
              }
            ],
            "cpu_core_count": 1,
            "cpu_threads_per_core": 1,
            "credit_specification": [
              {
                "cpu_credits": "standard"
              }
            ],
            "disable_api_termination": false,
            "ebs_block_device": [],
            "ebs_optimized": false,
            "enclave_options": [
              {
                "enabled": false
              }
            ],
            "ephemeral_block_device": [],
            "get_password_data": false,
            "hibernation": false,
            "host_id": null,
            "iam_instance_profile": "",
            "id": "i-0ec80c8ec2c5bea74",
            "instance_initiated_shutdown_behavior": "stop",
            "instance_state": "running",
            "instance_type": "t2.micro",
            "ipv6_address_count": 0,
            "ipv6_addresses": [],
            "key_name": "deployer-key",
            "launch_template": [],
            "metadata_options": [
              {
                "http_endpoint": "enabled",
                "http_put_response_hop_limit": 1,
                "http_tokens": "optional"
              }
            ],
            "monitoring": false,
            "network_interface": [],
            "outpost_arn": "",
            "password_data": "",
            "placement_group": "",
            "primary_network_interface_id": "eni-0a5a157bf2ef5e072",
            "private_dns": "ip-172-31-24-4.ec2.internal",
            "private_ip": "172.31.24.4",
            "public_dns": "ec2-18-232-176-13.compute-1.amazonaws.com",
            "public_ip": "18.232.176.13",
            "root_block_device": [
              {
                "delete_on_termination": true,
                "device_name": "/dev/sda1",
                "encrypted": false,
                "iops": 100,
                "kms_key_id": "",
                "tags": {},
                "throughput": 0,
                "volume_id": "vol-006761e8ceb8dc212",
                "volume_size": 8,
                "volume_type": "gp2"
              }
            ],
            "secondary_private_ips": [],
            "security_groups": [
              "Hello-World-SG"
            ],
            "source_dest_check": true,
            "subnet_id": "subnet-088a98435dfb0856f",
            "tags": {
              "Name": "Web1"
            },
            "tags_all": {
              "Name": "Web1"
            },
            "tenancy": "default",
            "timeouts": null,
            "user_data": null,
            "user_data_base64": null,
            "volume_tags": null,
            "vpc_security_group_ids": [
              "sg-070e22e0cd11e5e11"
            ]
          },
          "sensitive_attributes": [],
          "private": "eyJlMmJmYjczMC1lY2FhLTExZTYtOGY4OC0zNDM2M2JjN2M0YzAiOnsiY3JlYXRlIjo2MDAwMDAwMDAwMDAsImRlbGV0ZSI6MTIwMDAwMDAwMDAwMCwidXBkYXRlIjo2MDAwMDAwMDAwMDB9LCJzY2hlbWFfdmVyc2lvbiI6IjEifQ==",
          "dependencies": [
            "aws_key_pair.deployer",
            "data.aws_ami.ubuntu",
            "tls_private_key.private-key"
          ]
        },
        {
          "index_key": 2,
          "schema_version": 1,
          "attributes": {
            "ami": "ami-03a80f322a6053f85",
            "arn": "arn:aws:ec2:us-east-1:546273237752:instance/i-09d18ad7c81397791",
            "associate_public_ip_address": true,
            "availability_zone": "us-east-1d",
            "capacity_reservation_specification": [
              {
                "capacity_reservation_preference": "open",
                "capacity_reservation_target": []
              }
            ],
            "cpu_core_count": 1,
            "cpu_threads_per_core": 1,
            "credit_specification": [
              {
                "cpu_credits": "standard"
              }
            ],
            "disable_api_termination": false,
            "ebs_block_device": [],
            "ebs_optimized": false,
            "enclave_options": [
              {
                "enabled": false
              }
            ],
            "ephemeral_block_device": [],
            "get_password_data": false,
            "hibernation": false,
            "host_id": null,
            "iam_instance_profile": "",
            "id": "i-09d18ad7c81397791",
            "instance_initiated_shutdown_behavior": "stop",
            "instance_state": "running",
            "instance_type": "t2.micro",
            "ipv6_address_count": 0,
            "ipv6_addresses": [],
            "key_name": "deployer-key",
            "launch_template": [],
            "metadata_options": [
              {
                "http_endpoint": "enabled",
                "http_put_response_hop_limit": 1,
                "http_tokens": "optional"
              }
            ],
            "monitoring": false,
            "network_interface": [],
            "outpost_arn": "",
            "password_data": "",
            "placement_group": "",
            "primary_network_interface_id": "eni-0790cd7b87ea704fb",
            "private_dns": "ip-172-31-27-111.ec2.internal",
            "private_ip": "172.31.27.111",
            "public_dns": "ec2-54-227-3-137.compute-1.amazonaws.com",
            "public_ip": "54.227.3.137",
            "root_block_device": [
              {
                "delete_on_termination": true,
                "device_name": "/dev/sda1",
                "encrypted": false,
                "iops": 100,
                "kms_key_id": "",
                "tags": {},
                "throughput": 0,
                "volume_id": "vol-0f79f048e742d24e7",
                "volume_size": 8,
                "volume_type": "gp2"
              }
            ],
            "secondary_private_ips": [],
            "security_groups": [
              "Hello-World-SG"
            ],
            "source_dest_check": true,
            "subnet_id": "subnet-088a98435dfb0856f",
            "tags": {
              "Name": "Web2"
            },
            "tags_all": {
              "Name": "Web2"
            },
            "tenancy": "default",
            "timeouts": null,
            "user_data": null,
            "user_data_base64": null,
            "volume_tags": null,
            "vpc_security_group_ids": [
              "sg-070e22e0cd11e5e11"
            ]
          },
          "sensitive_attributes": [],
          "private": "eyJlMmJmYjczMC1lY2FhLTExZTYtOGY4OC0zNDM2M2JjN2M0YzAiOnsiY3JlYXRlIjo2MDAwMDAwMDAwMDAsImRlbGV0ZSI6MTIwMDAwMDAwMDAwMCwidXBkYXRlIjo2MDAwMDAwMDAwMDB9LCJzY2hlbWFfdmVyc2lvbiI6IjEifQ==",
          "dependencies": [
            "aws_key_pair.deployer",
            "data.aws_ami.ubuntu",
            "tls_private_key.private-key"
          ]
        }
      ]
    },
    {
      "mode": "managed",
      "type": "aws_key_pair",
      "name": "deployer",
      "provider": "provider[\"registry.terraform.io/hashicorp/aws\"]",
      "instances": [
        {
          "schema_version": 1,
          "attributes": {
            "arn": "arn:aws:ec2:us-east-1:546273237752:key-pair/deployer-key",
            "fingerprint": "f0:ba:1b:90:48:c9:c0:7d:8b:88:d7:8d:d4:67:5d:24",
            "id": "deployer-key",
            "key_name": "deployer-key",
            "key_name_prefix": null,
            "key_pair_id": "key-030ea1ca6cd794731",
            "public_key": "ssh-rsa AAAAB3NzaC1yc2EAAAADAQABAAABAQCom0fJT8s7gvy0jH3KDUhf41KRYIt7O5P0cxxWU4cqm+M2sLBGm3zadE6n2jyPd08ZQlKLo1y361su1Qfs2nIMVYzDFIdBge9VyXE1EO65FomrvQ7SwZfZyyaGu7X7ihidFgV/ta91tjEn+EaMTZ2ztoT26rj/sKCQIZbt/cJzdee4K/UkqduAra4DMnoI/O39QyHZtoJGVZOtvw9Ipc9XIVQTKO9d+eezXC1ZWBDqWBVN8WjDqZD4LHCyXU00SltTYK9FqPq+EuNUUe8+w4wOLrh22R8mOLAOOqelI19+dRipZWzD3r7fXvKXyCBe1ivG7VGjyJzhVtqv7JypnqCf",
            "tags": null,
            "tags_all": {}
          },
          "sensitive_attributes": [],
          "private": "eyJzY2hlbWFfdmVyc2lvbiI6IjEifQ==",
          "dependencies": [
            "tls_private_key.private-key"
          ]
        }
      ]
    },
    {
      "mode": "managed",
      "type": "aws_security_group",
      "name": "student-sg",
      "provider": "provider[\"registry.terraform.io/hashicorp/aws\"]",
      "instances": [
        {
          "schema_version": 1,
          "attributes": {
            "arn": "arn:aws:ec2:us-east-1:546273237752:security-group/sg-070e22e0cd11e5e11",
            "description": "Student security group",
            "egress": [],
            "id": "sg-070e22e0cd11e5e11",
            "ingress": [],
            "name": "Hello-World-SG",
            "name_prefix": "",
            "owner_id": "546273237752",
            "revoke_rules_on_delete": false,
            "tags": {
              "Environment": "default",
              "Name": "Hello-World-SG"
            },
            "tags_all": {
              "Environment": "default",
              "Name": "Hello-World-SG"
            },
            "timeouts": null,
            "vpc_id": "vpc-0fcd217b734edcbc9"
          },
          "sensitive_attributes": [],
          "private": "eyJlMmJmYjczMC1lY2FhLTExZTYtOGY4OC0zNDM2M2JjN2M0YzAiOnsiY3JlYXRlIjo2MDAwMDAwMDAwMDAsImRlbGV0ZSI6OTAwMDAwMDAwMDAwfSwic2NoZW1hX3ZlcnNpb24iOiIxIn0="
        }
      ]
    },
    {
      "mode": "managed",
      "type": "aws_security_group_rule",
      "name": "create-sgr-inbound",
      "provider": "provider[\"registry.terraform.io/hashicorp/aws\"]",
      "instances": [
        {
          "schema_version": 2,
          "attributes": {
            "cidr_blocks": [
              "0.0.0.0/0"
            ],
            "description": null,
            "from_port": 0,
            "id": "sgrule-2050799968",
            "ipv6_cidr_blocks": null,
            "prefix_list_ids": null,
            "protocol": "-1",
            "security_group_id": "sg-070e22e0cd11e5e11",
            "self": false,
            "source_security_group_id": null,
            "to_port": 65535,
            "type": "ingress"
          },
          "sensitive_attributes": [],
          "private": "eyJzY2hlbWFfdmVyc2lvbiI6IjIifQ==",
          "dependencies": [
            "aws_security_group.student-sg"
          ]
        }
      ]
    },
    {
      "mode": "managed",
      "type": "aws_security_group_rule",
      "name": "create-sgr-outbound",
      "provider": "provider[\"registry.terraform.io/hashicorp/aws\"]",
      "instances": [
        {
          "schema_version": 2,
          "attributes": {
            "cidr_blocks": [
              "0.0.0.0/0"
            ],
            "description": null,
            "from_port": 0,
            "id": "sgrule-1546935773",
            "ipv6_cidr_blocks": null,
            "prefix_list_ids": null,
            "protocol": "-1",
            "security_group_id": "sg-070e22e0cd11e5e11",
            "self": false,
            "source_security_group_id": null,
            "to_port": 65535,
            "type": "egress"
          },
          "sensitive_attributes": [],
          "private": "eyJzY2hlbWFfdmVyc2lvbiI6IjIifQ==",
          "dependencies": [
            "aws_security_group.student-sg"
          ]
        }
      ]
    },
    {
      "mode": "managed",
      "type": "aws_security_group_rule",
      "name": "create-sgr-ssh",
      "provider": "provider[\"registry.terraform.io/hashicorp/aws\"]",
      "instances": [
        {
          "schema_version": 2,
          "attributes": {
            "cidr_blocks": [
              "0.0.0.0/0"
            ],
            "description": null,
            "from_port": 22,
            "id": "sgrule-4032533829",
            "ipv6_cidr_blocks": null,
            "prefix_list_ids": null,
            "protocol": "tcp",
            "security_group_id": "sg-070e22e0cd11e5e11",
            "self": false,
            "source_security_group_id": null,
            "to_port": 22,
            "type": "ingress"
          },
          "sensitive_attributes": [],
          "private": "eyJzY2hlbWFfdmVyc2lvbiI6IjIifQ==",
          "dependencies": [
            "aws_security_group.student-sg"
          ]
        }
      ]
    },
    {
      "mode": "managed",
      "type": "null_resource",
      "name": "control-node",
      "provider": "provider[\"registry.terraform.io/hashicorp/null\"]",
      "instances": [
        {
          "schema_version": 0,
          "attributes": {
            "id": "7003833585274915064",
            "triggers": null
          },
          "sensitive_attributes": [],
          "private": "bnVsbA==",
          "dependencies": [
            "aws_instance.web",
            "aws_key_pair.deployer",
            "data.aws_ami.ubuntu",
            "tls_private_key.private-key"
          ]
        }
      ]
    },
    {
      "mode": "managed",
      "type": "tls_private_key",
      "name": "private-key",
      "provider": "provider[\"registry.terraform.io/hashicorp/tls\"]",
      "instances": [
        {
          "schema_version": 0,
          "attributes": {
            "algorithm": "RSA",
            "ecdsa_curve": "P224",
            "id": "439c487e983957fc5081f822e199d3644140599e",
            "private_key_pem": "-----BEGIN RSA PRIVATE KEY-----\nMIIEowIBAAKCAQEAqJtHyU/LO4L8tIx9yg1IX+NSkWCLezuT9HMcVlOHKpvjNrCw\nRpt82nROp9o8j3dPGUJSi6Nct+tbLtUH7NpyDFWMwxSHQYHvVclxNRDuuRaJq70O\n0sGX2csmhru1+4oYnRYFf7WvdbYxJ/hGjE2ds7aE9uq4/7CgkCGW7f3Cc3XnuCv1\nJKnbgK2uAzJ6CPzt/UMh2baCRlWTrb8PSKXPVyFUEyjvXfnns1wtWVgQ6lgVTfFo\nw6mQ+Cxwsl1NNEpbU2CvRaj6vhLjVFHvPsOMDi64dtkfJjiwDjqnpSNffnUYqWVs\nw96+317yl8ggXtYrxu1Ro8ic4Vbar+ycqZ6gnwIDAQABAoIBADFBE2p6tesPq9Tu\nibyhvrfMR42Sf4yjbehmTCvnwL+wxGJwoT4vI/0JJwUf2rsqZmABoO2L7oUH6x42\nO1d0xQZXY4SFlbGMTKdp7nlLFgHZ1KPn2dG1ni+QihOn+FSgFeqlyTtyjuw7Kgb8\nH1fTQLOEKTmcfiirp2wTc+zYSZrCqFfNNVxXupd8ETD8PDV3H3DfYSjrn7uxlV33\nghR4tfSuvrwuqita2A11M7nkdhS5mKMbSNMCfZSc/JYeEbWdYjaEQ0yD1NdVHCW5\nwZaRKgfW8s/WsZpyN9VIyWOTkPQEbOAfSe1a/5uX5EcH6A1aYiGAXFLCCOALtUZh\nmpcgI3ECgYEAyO92XRsYuAtFZjlQiDOSHzRejFfiLuG4BETtEm1VXoCq+nTW2Xnm\np/43GuzR0umWIwDhO16vOXHvbBdSWwOvD9QjLRLDmmOkV045zB+Zwhb4cq5uqafe\n9rAneGTCBgRRl54al3hqCtfoIkO0EWTddmpbjjS5fL4f31VZKzK+eqkCgYEA1s/N\nZKtnFekJVS+wRDT62SlDw00N73ZorK+cg5AWk3Ofh3UXLcJPxt0z7ObfUwwkJJiB\nzAuEdogkldjTBzbdAWSLSzshlYeyCmNSmAMjvKks51rvfMrnzrBDGXpERcJvH0Ns\nm/mtCdclTVBs6XPBK2hv1BtOx4k4HTkU5Pjg1gcCgYA3qbaFZls7qMup3NjFUlv5\nTv2eLT5YNGlQrXNrNmR+0HAM/88A4fcWtKK5T790iQbxXW4Hj1xFMp3buL40vlmB\nrgesldUf8Nh24xG5zUs/7DMZOd8oGnv2pKfafzcMiae8s6y0J0RhCpyg2VaJtwJu\nqloAk/SKbPTRXohcIiuIOQKBgQCfq7LWY3mqlZ+0TFBPQro69StDXmE/X9qKkbZb\nLJ07WTR5cZWbE9ZM0VupeisCBgJPmXTRgLYjjSr0n0itEiDQyjWn4/ogtc6nXhCk\noaDMuUuBZNyi/Ae2YNpfc7yPxejnaiyu+7WdnOhDQcbS+JHbfDOzi+DQ/LRTNHzN\nfhlRvQKBgGE2tT4EaF2U+hWp6144kUg1n7IYLcqBJYbiV6wgYuj5uLqJV+TerS9G\nmuCntO8tMr5ZUmvypTPu46p8B5zEUnC3aVy/NvaLBQVgf58kjC09PAq0Zt4VU3WN\nRCQ7dN0wmCsyWw9zFYI+ZRghvZqHcEYqaXdRCCu/TI0bnb9BM3Tu\n-----END RSA PRIVATE KEY-----\n",
            "public_key_fingerprint_md5": "c3:1f:4b:7a:68:12:7b:08:12:dc:c4:a4:f9:f0:b2:36",
            "public_key_openssh": "ssh-rsa AAAAB3NzaC1yc2EAAAADAQABAAABAQCom0fJT8s7gvy0jH3KDUhf41KRYIt7O5P0cxxWU4cqm+M2sLBGm3zadE6n2jyPd08ZQlKLo1y361su1Qfs2nIMVYzDFIdBge9VyXE1EO65FomrvQ7SwZfZyyaGu7X7ihidFgV/ta91tjEn+EaMTZ2ztoT26rj/sKCQIZbt/cJzdee4K/UkqduAra4DMnoI/O39QyHZtoJGVZOtvw9Ipc9XIVQTKO9d+eezXC1ZWBDqWBVN8WjDqZD4LHCyXU00SltTYK9FqPq+EuNUUe8+w4wOLrh22R8mOLAOOqelI19+dRipZWzD3r7fXvKXyCBe1ivG7VGjyJzhVtqv7JypnqCf\n",
            "public_key_pem": "-----BEGIN PUBLIC KEY-----\nMIIBIjANBgkqhkiG9w0BAQEFAAOCAQ8AMIIBCgKCAQEAqJtHyU/LO4L8tIx9yg1I\nX+NSkWCLezuT9HMcVlOHKpvjNrCwRpt82nROp9o8j3dPGUJSi6Nct+tbLtUH7Npy\nDFWMwxSHQYHvVclxNRDuuRaJq70O0sGX2csmhru1+4oYnRYFf7WvdbYxJ/hGjE2d\ns7aE9uq4/7CgkCGW7f3Cc3XnuCv1JKnbgK2uAzJ6CPzt/UMh2baCRlWTrb8PSKXP\nVyFUEyjvXfnns1wtWVgQ6lgVTfFow6mQ+Cxwsl1NNEpbU2CvRaj6vhLjVFHvPsOM\nDi64dtkfJjiwDjqnpSNffnUYqWVsw96+317yl8ggXtYrxu1Ro8ic4Vbar+ycqZ6g\nnwIDAQAB\n-----END PUBLIC KEY-----\n",
            "rsa_bits": 2048
          },
          "sensitive_attributes": [],
          "private": "bnVsbA=="
        }
      ]
    }
  ]
}
